
Microsoft Visual Studio Solution File, Format Version 12.00
# Visual Studio Version 16
VisualStudioVersion = 16.0.29613.14
MinimumVisualStudioVersion = 15.0.26124.0
Project("{9A19103F-16F7-4668-BE54-9A1E7A4F7556}") = "WebApi1", "WebApi1\WebApi1.csproj", "{5424EE46-E837-4958-B83B-7DB33C9C7C3E}"
EndProject
Project("{9A19103F-16F7-4668-BE54-9A1E7A4F7556}") = "WebApi2", "WebApi2\WebApi2.csproj", "{8922BB2E-11BB-4E1D-B434-237A5273FF0D}"
EndProject
Project("{9A19103F-16F7-4668-BE54-9A1E7A4F7556}") = "WebApi.Data", "WebApi.Data\WebApi.Data.csproj", "{81CDD9B0-475E-487E-82A2-F31DED4F26A1}"
EndProject
Project("{2150E333-8FDC-42A3-9474-1A3956D46DE8}") = "Docker", "Docker", "{E6814C8D-0B81-48D6-8E72-2D180237B4AC}"
	ProjectSection(SolutionItems) = preProject
		.env = .env
		docker-compose.yml = docker-compose.yml
		DockerFileWebApi1 = DockerFileWebApi1
		DockerFileWebApi2 = DockerFileWebApi2
	EndProjectSection
EndProject
Global
	GlobalSection(SolutionConfigurationPlatforms) = preSolution
		Debug|Any CPU = Debug|Any CPU
		Debug|x64 = Debug|x64
		Debug|x86 = Debug|x86
		Release|Any CPU = Release|Any CPU
		Release|x64 = Release|x64
		Release|x86 = Release|x86
	EndGlobalSection
	GlobalSection(ProjectConfigurationPlatforms) = postSolution
		{5424EE46-E837-4958-B83B-7DB33C9C7C3E}.Debug|Any CPU.ActiveCfg = Debug|Any CPU
		{5424EE46-E837-4958-B83B-7DB33C9C7C3E}.Debug|Any CPU.Build.0 = Debug|Any CPU
		{5424EE46-E837-4958-B83B-7DB33C9C7C3E}.Debug|x64.ActiveCfg = Debug|Any CPU
		{5424EE46-E837-4958-B83B-7DB33C9C7C3E}.Debug|x64.Build.0 = Debug|Any CPU
		{5424EE46-E837-4958-B83B-7DB33C9C7C3E}.Debug|x86.ActiveCfg = Debug|Any CPU
		{5424EE46-E837-4958-B83B-7DB33C9C7C3E}.Debug|x86.Build.0 = Debug|Any CPU
		{5424EE46-E837-4958-B83B-7DB33C9C7C3E}.Release|Any CPU.ActiveCfg = Release|Any CPU
		{5424EE46-E837-4958-B83B-7DB33C9C7C3E}.Release|Any CPU.Build.0 = Release|Any CPU
		{5424EE46-E837-4958-B83B-7DB33C9C7C3E}.Release|x64.ActiveCfg = Release|Any CPU
		{5424EE46-E837-4958-B83B-7DB33C9C7C3E}.Release|x64.Build.0 = Release|Any CPU
		{5424EE46-E837-4958-B83B-7DB33C9C7C3E}.Release|x86.ActiveCfg = Release|Any CPU
		{5424EE46-E837-4958-B83B-7DB33C9C7C3E}.Release|x86.Build.0 = Release|Any CPU
		{8922BB2E-11BB-4E1D-B434-237A5273FF0D}.Debug|Any CPU.ActiveCfg = Debug|Any CPU
		{8922BB2E-11BB-4E1D-B434-237A5273FF0D}.Debug|Any CPU.Build.0 = Debug|Any CPU
		{8922BB2E-11BB-4E1D-B434-237A5273FF0D}.Debug|x64.ActiveCfg = Debug|Any CPU
		{8922BB2E-11BB-4E1D-B434-237A5273FF0D}.Debug|x64.Build.0 = Debug|Any CPU
		{8922BB2E-11BB-4E1D-B434-237A5273FF0D}.Debug|x86.ActiveCfg = Debug|Any CPU
		{8922BB2E-11BB-4E1D-B434-237A5273FF0D}.Debug|x86.Build.0 = Debug|Any CPU
		{8922BB2E-11BB-4E1D-B434-237A5273FF0D}.Release|Any CPU.ActiveCfg = Release|Any CPU
		{8922BB2E-11BB-4E1D-B434-237A5273FF0D}.Release|Any CPU.Build.0 = Release|Any CPU
		{8922BB2E-11BB-4E1D-B434-237A5273FF0D}.Release|x64.ActiveCfg = Release|Any CPU
		{8922BB2E-11BB-4E1D-B434-237A5273FF0D}.Release|x64.Build.0 = Release|Any CPU
		{8922BB2E-11BB-4E1D-B434-237A5273FF0D}.Release|x86.ActiveCfg = Release|Any CPU
		{8922BB2E-11BB-4E1D-B434-237A5273FF0D}.Release|x86.Build.0 = Release|Any CPU
		{81CDD9B0-475E-487E-82A2-F31DED4F26A1}.Debug|Any CPU.ActiveCfg = Debug|Any CPU
		{81CDD9B0-475E-487E-82A2-F31DED4F26A1}.Debug|Any CPU.Build.0 = Debug|Any CPU
		{81CDD9B0-475E-487E-82A2-F31DED4F26A1}.Debug|x64.ActiveCfg = Debug|Any CPU
		{81CDD9B0-475E-487E-82A2-F31DED4F26A1}.Debug|x64.Build.0 = Debug|Any CPU
		{81CDD9B0-475E-487E-82A2-F31DED4F26A1}.Debug|x86.ActiveCfg = Debug|Any CPU
		{81CDD9B0-475E-487E-82A2-F31DED4F26A1}.Debug|x86.Build.0 = Debug|Any CPU
		{81CDD9B0-475E-487E-82A2-F31DED4F26A1}.Release|Any CPU.ActiveCfg = Release|Any CPU
		{81CDD9B0-475E-487E-82A2-F31DED4F26A1}.Release|Any CPU.Build.0 = Release|Any CPU
		{81CDD9B0-475E-487E-82A2-F31DED4F26A1}.Release|x64.ActiveCfg = Release|Any CPU
		{81CDD9B0-475E-487E-82A2-F31DED4F26A1}.Release|x64.Build.0 = Release|Any CPU
		{81CDD9B0-475E-487E-82A2-F31DED4F26A1}.Release|x86.ActiveCfg = Release|Any CPU
		{81CDD9B0-475E-487E-82A2-F31DED4F26A1}.Release|x86.Build.0 = Release|Any CPU
	EndGlobalSection
	GlobalSection(SolutionProperties) = preSolution
		HideSolutionNode = FALSE
	EndGlobalSection
	GlobalSection(ExtensibilityGlobals) = postSolution
		SolutionGuid = {76905056-91A1-4A29-BFC2-7F9300A0E380}
	EndGlobalSection
EndGlobal
